
Microsoft Visual Studio Solution File, Format Version 12.00
# Visual Studio Version 17
Project("{8BC9CEB8-8B4A-11D0-8D11-00A0C91BC942}") = "ALL_BUILD", "ALL_BUILD.vcxproj", "{3FF3777B-02B9-31E8-B585-0D0C912D18F9}"
	ProjectSection(ProjectDependencies) = postProject
		{AD7472C7-FFB5-3E96-9AA5-F489861C70D2} = {AD7472C7-FFB5-3E96-9AA5-F489861C70D2}
		{01781D16-6DB1-3446-9B19-8B486CA9869D} = {01781D16-6DB1-3446-9B19-8B486CA9869D}
	EndProjectSection
EndProject
Project("{8BC9CEB8-8B4A-11D0-8D11-00A0C91BC942}") = "INSTALL", "INSTALL.vcxproj", "{E4896372-D34A-3F39-9402-F7FFB65CA844}"
	ProjectSection(ProjectDependencies) = postProject
		{3FF3777B-02B9-31E8-B585-0D0C912D18F9} = {3FF3777B-02B9-31E8-B585-0D0C912D18F9}
		{01781D16-6DB1-3446-9B19-8B486CA9869D} = {01781D16-6DB1-3446-9B19-8B486CA9869D}
	EndProjectSection
EndProject
Project("{8BC9CEB8-8B4A-11D0-8D11-00A0C91BC942}") = "PACKAGE", "PACKAGE.vcxproj", "{E1CB56D3-4C78-3642-9E77-32F8CF4B10F3}"
	ProjectSection(ProjectDependencies) = postProject
		{3FF3777B-02B9-31E8-B585-0D0C912D18F9} = {3FF3777B-02B9-31E8-B585-0D0C912D18F9}
		{01781D16-6DB1-3446-9B19-8B486CA9869D} = {01781D16-6DB1-3446-9B19-8B486CA9869D}
	EndProjectSection
EndProject
Project("{8BC9CEB8-8B4A-11D0-8D11-00A0C91BC942}") = "StepperApp", "StepperApp.vcxproj", "{AD7472C7-FFB5-3E96-9AA5-F489861C70D2}"
	ProjectSection(ProjectDependencies) = postProject
		{01781D16-6DB1-3446-9B19-8B486CA9869D} = {01781D16-6DB1-3446-9B19-8B486CA9869D}
	EndProjectSection
EndProject
Project("{8BC9CEB8-8B4A-11D0-8D11-00A0C91BC942}") = "ZERO_CHECK", "ZERO_CHECK.vcxproj", "{01781D16-6DB1-3446-9B19-8B486CA9869D}"
	ProjectSection(ProjectDependencies) = postProject
	EndProjectSection
EndProject
Global
	GlobalSection(SolutionConfigurationPlatforms) = preSolution
		Release|Win32 = Release|Win32
	EndGlobalSection
	GlobalSection(ProjectConfigurationPlatforms) = postSolution
		{3FF3777B-02B9-31E8-B585-0D0C912D18F9}.Release|Win32.ActiveCfg = Release|Win32
		{3FF3777B-02B9-31E8-B585-0D0C912D18F9}.Release|Win32.Build.0 = Release|Win32
		{E4896372-D34A-3F39-9402-F7FFB65CA844}.Release|Win32.ActiveCfg = Release|Win32
		{E1CB56D3-4C78-3642-9E77-32F8CF4B10F3}.Release|Win32.ActiveCfg = Release|Win32
		{AD7472C7-FFB5-3E96-9AA5-F489861C70D2}.Release|Win32.ActiveCfg = Release|Win32
		{AD7472C7-FFB5-3E96-9AA5-F489861C70D2}.Release|Win32.Build.0 = Release|Win32
		{01781D16-6DB1-3446-9B19-8B486CA9869D}.Release|Win32.ActiveCfg = Release|Win32
		{01781D16-6DB1-3446-9B19-8B486CA9869D}.Release|Win32.Build.0 = Release|Win32
	EndGlobalSection
	GlobalSection(ExtensibilityGlobals) = postSolution
		SolutionGuid = {CDD1DEFB-4C8A-3C42-9027-5A8ED82B8C3F}
	EndGlobalSection
	GlobalSection(ExtensibilityAddIns) = postSolution
	EndGlobalSection
EndGlobal
